Microsoft Visual Studio Solution File, Format Version 12.00
# Visual Studio Version 17
VisualStudioVersion = 17.5.2.0
MinimumVisualStudioVersion = 10.0.40219.1
Project("{FAE04EC0-301F-11D3-BF4B-00C04F79EFBC}") = "EmployeeManagement.API", "EmployeeManagement.API\EmployeeManagement.API.csproj", "{A6079341-48B4-8009-5517-5C74911DE5EC}"
EndProject
Global
	GlobalSection(SolutionConfigurationPlatforms) = preSolution
		Debug|Any CPU = Debug|Any CPU
		Release|Any CPU = Release|Any CPU
	EndGlobalSection
	GlobalSection(ProjectConfigurationPlatforms) = postSolution
		{A6079341-48B4-8009-5517-5C74911DE5EC}.Debug|Any CPU.ActiveCfg = Debug|Any CPU
		{A6079341-48B4-8009-5517-5C74911DE5EC}.Debug|Any CPU.Build.0 = Debug|Any CPU
		{A6079341-48B4-8009-5517-5C74911DE5EC}.Release|Any CPU.ActiveCfg = Release|Any CPU
		{A6079341-48B4-8009-5517-5C74911DE5EC}.Release|Any CPU.Build.0 = Release|Any CPU
	EndGlobalSection
	GlobalSection(SolutionProperties) = preSolution
		HideSolutionNode = FALSE
	EndGlobalSection
	GlobalSection(ExtensibilityGlobals) = postSolution
		SolutionGuid = {D470F981-F66C-4046-B339-1643E335E025}
	EndGlobalSection
EndGlobal
